
Microsoft Visual Studio Solution File, Format Version 12.00
# Visual Studio Version 17
VisualStudioVersion = 17.9.34622.214
MinimumVisualStudioVersion = 10.0.40219.1
Project("{9A19103F-16F7-4668-BE54-9A1E7A4F7556}") = "NZWalks", "NZWalks\NZWalks.csproj", "{6908043F-3EEA-4E1B-88C7-D6D94C7FF088}"
EndProject
Project("{FAE04EC0-301F-11D3-BF4B-00C04F79EFBC}") = "NZWakls.UI", "NZWakls.UI\NZWakls.UI.csproj", "{80CC6544-6619-480B-A9E0-8028960EAE9D}"
EndProject
Global
	GlobalSection(SolutionConfigurationPlatforms) = preSolution
		Debug|Any CPU = Debug|Any CPU
		Release|Any CPU = Release|Any CPU
	EndGlobalSection
	GlobalSection(ProjectConfigurationPlatforms) = postSolution
		{6908043F-3EEA-4E1B-88C7-D6D94C7FF088}.Debug|Any CPU.ActiveCfg = Debug|Any CPU
		{6908043F-3EEA-4E1B-88C7-D6D94C7FF088}.Debug|Any CPU.Build.0 = Debug|Any CPU
		{6908043F-3EEA-4E1B-88C7-D6D94C7FF088}.Release|Any CPU.ActiveCfg = Release|Any CPU
		{6908043F-3EEA-4E1B-88C7-D6D94C7FF088}.Release|Any CPU.Build.0 = Release|Any CPU
		{80CC6544-6619-480B-A9E0-8028960EAE9D}.Debug|Any CPU.ActiveCfg = Debug|Any CPU
		{80CC6544-6619-480B-A9E0-8028960EAE9D}.Debug|Any CPU.Build.0 = Debug|Any CPU
		{80CC6544-6619-480B-A9E0-8028960EAE9D}.Release|Any CPU.ActiveCfg = Release|Any CPU
		{80CC6544-6619-480B-A9E0-8028960EAE9D}.Release|Any CPU.Build.0 = Release|Any CPU
	EndGlobalSection
	GlobalSection(SolutionProperties) = preSolution
		HideSolutionNode = FALSE
	EndGlobalSection
	GlobalSection(ExtensibilityGlobals) = postSolution
		SolutionGuid = {67C6D004-078F-438C-B4F3-224B8F4E292C}
	EndGlobalSection
EndGlobal
