
Microsoft Visual Studio Solution File, Format Version 12.00
# Visual Studio Version 17
VisualStudioVersion = 17.9.34622.214
MinimumVisualStudioVersion = 10.0.40219.1
Project("{FAE04EC0-301F-11D3-BF4B-00C04F79EFBC}") = "Generics1", "HocLinQ\Generics1.csproj", "{FA54B4D4-F4E2-4262-B303-76D52A3CFA91}"
EndProject
Project("{FAE04EC0-301F-11D3-BF4B-00C04F79EFBC}") = "HocObjectIntialzer2", "HocObjectIntialzer\HocObjectIntialzer2.csproj", "{600E5C98-CEEA-439B-A0C1-50E218C82DF4}"
EndProject
Project("{FAE04EC0-301F-11D3-BF4B-00C04F79EFBC}") = "HocAnomousType3", "HocAnomousType\HocAnomousType3.csproj", "{5F484849-7A9D-4BED-A2DA-83C63B4A3C74}"
EndProject
Project("{FAE04EC0-301F-11D3-BF4B-00C04F79EFBC}") = "HocExtentionMethod4", "HocExtentionMethod\HocExtentionMethod4.csproj", "{83322C58-A485-4680-A4F4-02AF92D6489C}"
EndProject
Project("{FAE04EC0-301F-11D3-BF4B-00C04F79EFBC}") = "HocDelegate5", "HocDelegate\HocDelegate5.csproj", "{810F3377-A3CF-4E66-8653-414E0F1E54E4}"
EndProject
Project("{FAE04EC0-301F-11D3-BF4B-00C04F79EFBC}") = "HocDelegate_listbox6", "HocDelegate_listbox\HocDelegate_listbox6.csproj", "{3872611E-F043-4C84-84B5-7EE4148D7D43}"
EndProject
Project("{FAE04EC0-301F-11D3-BF4B-00C04F79EFBC}") = "HocLambarEprestion7", "HocLambarEprestion\HocLambarEprestion7.csproj", "{07712820-1BF6-4FB1-8A10-EE4DE2F2E6BA}"
EndProject
Project("{FAE04EC0-301F-11D3-BF4B-00C04F79EFBC}") = "HocCacCuPhapLINQ9", "HocCacCuPhapLINQ\HocCacCuPhapLINQ9.csproj", "{D166E742-1B54-4863-B6C8-67CDCD72E802}"
EndProject
Project("{FAE04EC0-301F-11D3-BF4B-00C04F79EFBC}") = "HoclazyLoading10", "HoclazyLoading\HoclazyLoading10.csproj", "{3746674B-4939-4014-B599-B385CFFE5E99}"
EndProject
Project("{FAE04EC0-301F-11D3-BF4B-00C04F79EFBC}") = "HocForEach11", "HocForEach\HocForEach11.csproj", "{6C7A0103-9FB4-4B23-8525-583BA4E25937}"
EndProject
Project("{FAE04EC0-301F-11D3-BF4B-00C04F79EFBC}") = "HocExitsts_find12", "HocExitsts\HocExitsts_find12.csproj", "{929AC3C9-F44F-4716-991A-E23F8B6101EA}"
EndProject
Project("{FAE04EC0-301F-11D3-BF4B-00C04F79EFBC}") = "HocFindAll13", "HocFindAll\HocFindAll13.csproj", "{EA6B7119-B6ED-4915-BCDD-698AC14797C4}"
EndProject
Project("{FAE04EC0-301F-11D3-BF4B-00C04F79EFBC}") = "HocTrueForAll14", "HocTrueForAll\HocTrueForAll14.csproj", "{829AC9C2-2B51-40D1-9F5B-C2E03C8725CB}"
EndProject
Project("{FAE04EC0-301F-11D3-BF4B-00C04F79EFBC}") = "HocSelectAndWhere15", "HocSelect15\HocSelectAndWhere15.csproj", "{1E907655-9389-41D8-96A5-17ED2D9B3994}"
EndProject
Project("{FAE04EC0-301F-11D3-BF4B-00C04F79EFBC}") = "HocOfType16", "HocOfType16\HocOfType16.csproj", "{6A0DCEFE-5324-41BD-B910-DF1FE41AC938}"
EndProject
Project("{FAE04EC0-301F-11D3-BF4B-00C04F79EFBC}") = "HocMIinMax17", "HocMIinMax17\HocMIinMax17.csproj", "{4DA1551A-4495-4173-A699-2DA3FA353DD4}"
EndProject
Project("{FAE04EC0-301F-11D3-BF4B-00C04F79EFBC}") = "HocFirtOfDefaue18", "HocFirtOfDefaue18\HocFirtOfDefaue18.csproj", "{EEDA59DE-3B09-485D-B785-FAE1565E4497}"
EndProject
Project("{FAE04EC0-301F-11D3-BF4B-00C04F79EFBC}") = "HocSkip19", "HocSkip\HocSkip19.csproj", "{8BE1F3D2-04C5-460D-86C6-D4B9E47C8EB6}"
EndProject
Project("{FAE04EC0-301F-11D3-BF4B-00C04F79EFBC}") = "HocSkipWhile20", "HocSkipWhile\HocSkipWhile20.csproj", "{483A1C79-F4C3-44DF-B5D1-B6D5D7E8AE1A}"
EndProject
Project("{FAE04EC0-301F-11D3-BF4B-00C04F79EFBC}") = "HocskipandTake21", "HocskipandTake\HocskipandTake21.csproj", "{8F19B235-7128-49FA-AD02-D62654A39C74}"
EndProject
Project("{FAE04EC0-301F-11D3-BF4B-00C04F79EFBC}") = "HocToArray22", "HocToArray22\HocToArray22.csproj", "{6876D524-F716-4171-BDFF-C011ADC70677}"
EndProject
Project("{FAE04EC0-301F-11D3-BF4B-00C04F79EFBC}") = "HocDictionnary23", "HocDistionnary\HocDictionnary23.csproj", "{F222A19A-E263-41A3-91EC-52D70E4CFB21}"
EndProject
Project("{FAE04EC0-301F-11D3-BF4B-00C04F79EFBC}") = "HocLinQToSQLServer", "HocLinQToSQLServer\HocLinQToSQLServer.csproj", "{694AF55C-EDCD-431E-9405-1C34B79214D7}"
EndProject
Project("{FAE04EC0-301F-11D3-BF4B-00C04F79EFBC}") = "BaiTapTongHopQLSP", "BaiTapTongHopQLSP\BaiTapTongHopQLSP.csproj", "{48A8B04A-ADE5-499B-B349-39BE7D098549}"
EndProject
Project("{FAE04EC0-301F-11D3-BF4B-00C04F79EFBC}") = "BaiTapQLSach", "BaiTapQLSach\BaiTapQLSach.csproj", "{BDD5C59C-C98E-49D7-A03C-2E7B8C06B3F9}"
EndProject
Global
	GlobalSection(SolutionConfigurationPlatforms) = preSolution
		Debug|Any CPU = Debug|Any CPU
		Release|Any CPU = Release|Any CPU
	EndGlobalSection
	GlobalSection(ProjectConfigurationPlatforms) = postSolution
		{FA54B4D4-F4E2-4262-B303-76D52A3CFA91}.Debug|Any CPU.ActiveCfg = Debug|Any CPU
		{FA54B4D4-F4E2-4262-B303-76D52A3CFA91}.Debug|Any CPU.Build.0 = Debug|Any CPU
		{FA54B4D4-F4E2-4262-B303-76D52A3CFA91}.Release|Any CPU.ActiveCfg = Release|Any CPU
		{FA54B4D4-F4E2-4262-B303-76D52A3CFA91}.Release|Any CPU.Build.0 = Release|Any CPU
		{600E5C98-CEEA-439B-A0C1-50E218C82DF4}.Debug|Any CPU.ActiveCfg = Debug|Any CPU
		{600E5C98-CEEA-439B-A0C1-50E218C82DF4}.Debug|Any CPU.Build.0 = Debug|Any CPU
		{600E5C98-CEEA-439B-A0C1-50E218C82DF4}.Release|Any CPU.ActiveCfg = Release|Any CPU
		{600E5C98-CEEA-439B-A0C1-50E218C82DF4}.Release|Any CPU.Build.0 = Release|Any CPU
		{5F484849-7A9D-4BED-A2DA-83C63B4A3C74}.Debug|Any CPU.ActiveCfg = Debug|Any CPU
		{5F484849-7A9D-4BED-A2DA-83C63B4A3C74}.Debug|Any CPU.Build.0 = Debug|Any CPU
		{5F484849-7A9D-4BED-A2DA-83C63B4A3C74}.Release|Any CPU.ActiveCfg = Release|Any CPU
		{5F484849-7A9D-4BED-A2DA-83C63B4A3C74}.Release|Any CPU.Build.0 = Release|Any CPU
		{83322C58-A485-4680-A4F4-02AF92D6489C}.Debug|Any CPU.ActiveCfg = Debug|Any CPU
		{83322C58-A485-4680-A4F4-02AF92D6489C}.Debug|Any CPU.Build.0 = Debug|Any CPU
		{83322C58-A485-4680-A4F4-02AF92D6489C}.Release|Any CPU.ActiveCfg = Release|Any CPU
		{83322C58-A485-4680-A4F4-02AF92D6489C}.Release|Any CPU.Build.0 = Release|Any CPU
		{810F3377-A3CF-4E66-8653-414E0F1E54E4}.Debug|Any CPU.ActiveCfg = Debug|Any CPU
		{810F3377-A3CF-4E66-8653-414E0F1E54E4}.Debug|Any CPU.Build.0 = Debug|Any CPU
		{810F3377-A3CF-4E66-8653-414E0F1E54E4}.Release|Any CPU.ActiveCfg = Release|Any CPU
		{810F3377-A3CF-4E66-8653-414E0F1E54E4}.Release|Any CPU.Build.0 = Release|Any CPU
		{3872611E-F043-4C84-84B5-7EE4148D7D43}.Debug|Any CPU.ActiveCfg = Debug|Any CPU
		{3872611E-F043-4C84-84B5-7EE4148D7D43}.Debug|Any CPU.Build.0 = Debug|Any CPU
		{3872611E-F043-4C84-84B5-7EE4148D7D43}.Release|Any CPU.ActiveCfg = Release|Any CPU
		{3872611E-F043-4C84-84B5-7EE4148D7D43}.Release|Any CPU.Build.0 = Release|Any CPU
		{07712820-1BF6-4FB1-8A10-EE4DE2F2E6BA}.Debug|Any CPU.ActiveCfg = Debug|Any CPU
		{07712820-1BF6-4FB1-8A10-EE4DE2F2E6BA}.Debug|Any CPU.Build.0 = Debug|Any CPU
		{07712820-1BF6-4FB1-8A10-EE4DE2F2E6BA}.Release|Any CPU.ActiveCfg = Release|Any CPU
		{07712820-1BF6-4FB1-8A10-EE4DE2F2E6BA}.Release|Any CPU.Build.0 = Release|Any CPU
		{D166E742-1B54-4863-B6C8-67CDCD72E802}.Debug|Any CPU.ActiveCfg = Debug|Any CPU
		{D166E742-1B54-4863-B6C8-67CDCD72E802}.Debug|Any CPU.Build.0 = Debug|Any CPU
		{D166E742-1B54-4863-B6C8-67CDCD72E802}.Release|Any CPU.ActiveCfg = Release|Any CPU
		{D166E742-1B54-4863-B6C8-67CDCD72E802}.Release|Any CPU.Build.0 = Release|Any CPU
		{3746674B-4939-4014-B599-B385CFFE5E99}.Debug|Any CPU.ActiveCfg = Debug|Any CPU
		{3746674B-4939-4014-B599-B385CFFE5E99}.Debug|Any CPU.Build.0 = Debug|Any CPU
		{3746674B-4939-4014-B599-B385CFFE5E99}.Release|Any CPU.ActiveCfg = Release|Any CPU
		{3746674B-4939-4014-B599-B385CFFE5E99}.Release|Any CPU.Build.0 = Release|Any CPU
		{6C7A0103-9FB4-4B23-8525-583BA4E25937}.Debug|Any CPU.ActiveCfg = Debug|Any CPU
		{6C7A0103-9FB4-4B23-8525-583BA4E25937}.Debug|Any CPU.Build.0 = Debug|Any CPU
		{6C7A0103-9FB4-4B23-8525-583BA4E25937}.Release|Any CPU.ActiveCfg = Release|Any CPU
		{6C7A0103-9FB4-4B23-8525-583BA4E25937}.Release|Any CPU.Build.0 = Release|Any CPU
		{929AC3C9-F44F-4716-991A-E23F8B6101EA}.Debug|Any CPU.ActiveCfg = Debug|Any CPU
		{929AC3C9-F44F-4716-991A-E23F8B6101EA}.Debug|Any CPU.Build.0 = Debug|Any CPU
		{929AC3C9-F44F-4716-991A-E23F8B6101EA}.Release|Any CPU.ActiveCfg = Release|Any CPU
		{929AC3C9-F44F-4716-991A-E23F8B6101EA}.Release|Any CPU.Build.0 = Release|Any CPU
		{EA6B7119-B6ED-4915-BCDD-698AC14797C4}.Debug|Any CPU.ActiveCfg = Debug|Any CPU
		{EA6B7119-B6ED-4915-BCDD-698AC14797C4}.Debug|Any CPU.Build.0 = Debug|Any CPU
		{EA6B7119-B6ED-4915-BCDD-698AC14797C4}.Release|Any CPU.ActiveCfg = Release|Any CPU
		{EA6B7119-B6ED-4915-BCDD-698AC14797C4}.Release|Any CPU.Build.0 = Release|Any CPU
		{829AC9C2-2B51-40D1-9F5B-C2E03C8725CB}.Debug|Any CPU.ActiveCfg = Debug|Any CPU
		{829AC9C2-2B51-40D1-9F5B-C2E03C8725CB}.Debug|Any CPU.Build.0 = Debug|Any CPU
		{829AC9C2-2B51-40D1-9F5B-C2E03C8725CB}.Release|Any CPU.ActiveCfg = Release|Any CPU
		{829AC9C2-2B51-40D1-9F5B-C2E03C8725CB}.Release|Any CPU.Build.0 = Release|Any CPU
		{1E907655-9389-41D8-96A5-17ED2D9B3994}.Debug|Any CPU.ActiveCfg = Debug|Any CPU
		{1E907655-9389-41D8-96A5-17ED2D9B3994}.Debug|Any CPU.Build.0 = Debug|Any CPU
		{1E907655-9389-41D8-96A5-17ED2D9B3994}.Release|Any CPU.ActiveCfg = Release|Any CPU
		{1E907655-9389-41D8-96A5-17ED2D9B3994}.Release|Any CPU.Build.0 = Release|Any CPU
		{6A0DCEFE-5324-41BD-B910-DF1FE41AC938}.Debug|Any CPU.ActiveCfg = Debug|Any CPU
		{6A0DCEFE-5324-41BD-B910-DF1FE41AC938}.Debug|Any CPU.Build.0 = Debug|Any CPU
		{6A0DCEFE-5324-41BD-B910-DF1FE41AC938}.Release|Any CPU.ActiveCfg = Release|Any CPU
		{6A0DCEFE-5324-41BD-B910-DF1FE41AC938}.Release|Any CPU.Build.0 = Release|Any CPU
		{4DA1551A-4495-4173-A699-2DA3FA353DD4}.Debug|Any CPU.ActiveCfg = Debug|Any CPU
		{4DA1551A-4495-4173-A699-2DA3FA353DD4}.Debug|Any CPU.Build.0 = Debug|Any CPU
		{4DA1551A-4495-4173-A699-2DA3FA353DD4}.Release|Any CPU.ActiveCfg = Release|Any CPU
		{4DA1551A-4495-4173-A699-2DA3FA353DD4}.Release|Any CPU.Build.0 = Release|Any CPU
		{EEDA59DE-3B09-485D-B785-FAE1565E4497}.Debug|Any CPU.ActiveCfg = Debug|Any CPU
		{EEDA59DE-3B09-485D-B785-FAE1565E4497}.Debug|Any CPU.Build.0 = Debug|Any CPU
		{EEDA59DE-3B09-485D-B785-FAE1565E4497}.Release|Any CPU.ActiveCfg = Release|Any CPU
		{EEDA59DE-3B09-485D-B785-FAE1565E4497}.Release|Any CPU.Build.0 = Release|Any CPU
		{8BE1F3D2-04C5-460D-86C6-D4B9E47C8EB6}.Debug|Any CPU.ActiveCfg = Debug|Any CPU
		{8BE1F3D2-04C5-460D-86C6-D4B9E47C8EB6}.Debug|Any CPU.Build.0 = Debug|Any CPU
		{8BE1F3D2-04C5-460D-86C6-D4B9E47C8EB6}.Release|Any CPU.ActiveCfg = Release|Any CPU
		{8BE1F3D2-04C5-460D-86C6-D4B9E47C8EB6}.Release|Any CPU.Build.0 = Release|Any CPU
		{483A1C79-F4C3-44DF-B5D1-B6D5D7E8AE1A}.Debug|Any CPU.ActiveCfg = Debug|Any CPU
		{483A1C79-F4C3-44DF-B5D1-B6D5D7E8AE1A}.Debug|Any CPU.Build.0 = Debug|Any CPU
		{483A1C79-F4C3-44DF-B5D1-B6D5D7E8AE1A}.Release|Any CPU.ActiveCfg = Release|Any CPU
		{483A1C79-F4C3-44DF-B5D1-B6D5D7E8AE1A}.Release|Any CPU.Build.0 = Release|Any CPU
		{8F19B235-7128-49FA-AD02-D62654A39C74}.Debug|Any CPU.ActiveCfg = Debug|Any CPU
		{8F19B235-7128-49FA-AD02-D62654A39C74}.Debug|Any CPU.Build.0 = Debug|Any CPU
		{8F19B235-7128-49FA-AD02-D62654A39C74}.Release|Any CPU.ActiveCfg = Release|Any CPU
		{8F19B235-7128-49FA-AD02-D62654A39C74}.Release|Any CPU.Build.0 = Release|Any CPU
		{6876D524-F716-4171-BDFF-C011ADC70677}.Debug|Any CPU.ActiveCfg = Debug|Any CPU
		{6876D524-F716-4171-BDFF-C011ADC70677}.Debug|Any CPU.Build.0 = Debug|Any CPU
		{6876D524-F716-4171-BDFF-C011ADC70677}.Release|Any CPU.ActiveCfg = Release|Any CPU
		{6876D524-F716-4171-BDFF-C011ADC70677}.Release|Any CPU.Build.0 = Release|Any CPU
		{F222A19A-E263-41A3-91EC-52D70E4CFB21}.Debug|Any CPU.ActiveCfg = Debug|Any CPU
		{F222A19A-E263-41A3-91EC-52D70E4CFB21}.Debug|Any CPU.Build.0 = Debug|Any CPU
		{F222A19A-E263-41A3-91EC-52D70E4CFB21}.Release|Any CPU.ActiveCfg = Release|Any CPU
		{F222A19A-E263-41A3-91EC-52D70E4CFB21}.Release|Any CPU.Build.0 = Release|Any CPU
		{694AF55C-EDCD-431E-9405-1C34B79214D7}.Debug|Any CPU.ActiveCfg = Debug|Any CPU
		{694AF55C-EDCD-431E-9405-1C34B79214D7}.Debug|Any CPU.Build.0 = Debug|Any CPU
		{694AF55C-EDCD-431E-9405-1C34B79214D7}.Release|Any CPU.ActiveCfg = Release|Any CPU
		{694AF55C-EDCD-431E-9405-1C34B79214D7}.Release|Any CPU.Build.0 = Release|Any CPU
		{48A8B04A-ADE5-499B-B349-39BE7D098549}.Debug|Any CPU.ActiveCfg = Debug|Any CPU
		{48A8B04A-ADE5-499B-B349-39BE7D098549}.Debug|Any CPU.Build.0 = Debug|Any CPU
		{48A8B04A-ADE5-499B-B349-39BE7D098549}.Release|Any CPU.ActiveCfg = Release|Any CPU
		{48A8B04A-ADE5-499B-B349-39BE7D098549}.Release|Any CPU.Build.0 = Release|Any CPU
		{BDD5C59C-C98E-49D7-A03C-2E7B8C06B3F9}.Debug|Any CPU.ActiveCfg = Debug|Any CPU
		{BDD5C59C-C98E-49D7-A03C-2E7B8C06B3F9}.Debug|Any CPU.Build.0 = Debug|Any CPU
		{BDD5C59C-C98E-49D7-A03C-2E7B8C06B3F9}.Release|Any CPU.ActiveCfg = Release|Any CPU
		{BDD5C59C-C98E-49D7-A03C-2E7B8C06B3F9}.Release|Any CPU.Build.0 = Release|Any CPU
	EndGlobalSection
	GlobalSection(SolutionProperties) = preSolution
		HideSolutionNode = FALSE
	EndGlobalSection
	GlobalSection(ExtensibilityGlobals) = postSolution
		SolutionGuid = {A90373E7-0AFC-442A-B281-566974452716}
	EndGlobalSection
EndGlobal
