
Microsoft Visual Studio Solution File, Format Version 12.00
# Visual Studio Version 17
VisualStudioVersion = 17.9.34622.214
MinimumVisualStudioVersion = 10.0.40219.1
Project("{FAE04EC0-301F-11D3-BF4B-00C04F79EFBC}") = "BulkyBookWeb", "BulkyBookWeb\BulkyBookWeb.csproj", "{B9D90829-6DDE-4A5A-8A09-D3DEFAA8CD26}"
EndProject
Global
	GlobalSection(SolutionConfigurationPlatforms) = preSolution
		Debug|Any CPU = Debug|Any CPU
		Release|Any CPU = Release|Any CPU
	EndGlobalSection
	GlobalSection(ProjectConfigurationPlatforms) = postSolution
		{B9D90829-6DDE-4A5A-8A09-D3DEFAA8CD26}.Debug|Any CPU.ActiveCfg = Debug|Any CPU
		{B9D90829-6DDE-4A5A-8A09-D3DEFAA8CD26}.Debug|Any CPU.Build.0 = Debug|Any CPU
		{B9D90829-6DDE-4A5A-8A09-D3DEFAA8CD26}.Release|Any CPU.ActiveCfg = Release|Any CPU
		{B9D90829-6DDE-4A5A-8A09-D3DEFAA8CD26}.Release|Any CPU.Build.0 = Release|Any CPU
	EndGlobalSection
	GlobalSection(SolutionProperties) = preSolution
		HideSolutionNode = FALSE
	EndGlobalSection
	GlobalSection(ExtensibilityGlobals) = postSolution
		SolutionGuid = {218CC713-6F79-4B5B-8D57-FE6714CB6E7C}
	EndGlobalSection
EndGlobal
